// !$*UTF8*$!
{
	archiveVersion = 1;
	classes = {
	};
	objectVersion = 56;
	objects = {

/* Begin PBXBuildFile section */
		951097952C5400F100F01C88 /* ArcadiaNeoGeoPocketCore.docc in Sources */ = {isa = PBXBuildFile; fileRef = 951097942C5400F100F01C88 /* ArcadiaNeoGeoPocketCore.docc */; };
		9510979B2C5400F100F01C88 /* ArcadiaNeoGeoPocketCore.framework in Frameworks */ = {isa = PBXBuildFile; fileRef = 951097902C5400F100F01C88 /* ArcadiaNeoGeoPocketCore.framework */; };
		951097A02C5400F200F01C88 /* ArcadiaNeoGeoPocketCoreTests.swift in Sources */ = {isa = PBXBuildFile; fileRef = 9510979F2C5400F200F01C88 /* ArcadiaNeoGeoPocketCoreTests.swift */; };
		951097A12C5400F200F01C88 /* ArcadiaNeoGeoPocketCore.h in Headers */ = {isa = PBXBuildFile; fileRef = 951097932C5400F100F01C88 /* ArcadiaNeoGeoPocketCore.h */; settings = {ATTRIBUTES = (Public, ); }; };
		9510981D2C54030900F01C88 /* libretro_core_options_intl.h in Headers */ = {isa = PBXBuildFile; fileRef = 951097B02C54030900F01C88 /* libretro_core_options_intl.h */; };
		9510981E2C54030900F01C88 /* libretro_core_options.h in Headers */ = {isa = PBXBuildFile; fileRef = 951097B12C54030900F01C88 /* libretro_core_options.h */; };
		951098202C54030900F01C88 /* libretro.h in Headers */ = {isa = PBXBuildFile; fileRef = 951097B32C54030900F01C88 /* libretro.h */; };
		951098232C54030900F01C88 /* log.h in Headers */ = {isa = PBXBuildFile; fileRef = 951097B62C54030900F01C88 /* log.h */; };
		9510982C2C54030900F01C88 /* fopen_utf8.h in Headers */ = {isa = PBXBuildFile; fileRef = 951097C42C54030900F01C88 /* fopen_utf8.h */; };
		9510982D2C54030900F01C88 /* msvc.h in Headers */ = {isa = PBXBuildFile; fileRef = 951097C52C54030900F01C88 /* msvc.h */; };
		9510982E2C54030900F01C88 /* posix_string.h in Headers */ = {isa = PBXBuildFile; fileRef = 951097C62C54030900F01C88 /* posix_string.h */; };
		9510982F2C54030900F01C88 /* strcasestr.h in Headers */ = {isa = PBXBuildFile; fileRef = 951097C72C54030900F01C88 /* strcasestr.h */; };
		951098302C54030900F01C88 /* strl.h in Headers */ = {isa = PBXBuildFile; fileRef = 951097C82C54030900F01C88 /* strl.h */; };
		951098312C54030900F01C88 /* utf.h in Headers */ = {isa = PBXBuildFile; fileRef = 951097CA2C54030900F01C88 /* utf.h */; };
		951098322C54030900F01C88 /* file_path.h in Headers */ = {isa = PBXBuildFile; fileRef = 951097CC2C54030900F01C88 /* file_path.h */; };
		951098332C54030900F01C88 /* file_stream.h in Headers */ = {isa = PBXBuildFile; fileRef = 951097CE2C54030900F01C88 /* file_stream.h */; };
		951098342C54030900F01C88 /* stdstring.h in Headers */ = {isa = PBXBuildFile; fileRef = 951097D02C54030900F01C88 /* stdstring.h */; };
		951098352C54030900F01C88 /* rtime.h in Headers */ = {isa = PBXBuildFile; fileRef = 951097D22C54030900F01C88 /* rtime.h */; };
		951098362C54030900F01C88 /* vfs_implementation.h in Headers */ = {isa = PBXBuildFile; fileRef = 951097D42C54030900F01C88 /* vfs_implementation.h */; };
		951098372C54030900F01C88 /* vfs.h in Headers */ = {isa = PBXBuildFile; fileRef = 951097D52C54030900F01C88 /* vfs.h */; };
		951098382C54030900F01C88 /* boolean.h in Headers */ = {isa = PBXBuildFile; fileRef = 951097D72C54030900F01C88 /* boolean.h */; };
		951098392C54030900F01C88 /* libretro.h in Headers */ = {isa = PBXBuildFile; fileRef = 951097D82C54030900F01C88 /* libretro.h */; };
		9510983A2C54030900F01C88 /* retro_assert.h in Headers */ = {isa = PBXBuildFile; fileRef = 951097D92C54030900F01C88 /* retro_assert.h */; };
		9510983B2C54030900F01C88 /* retro_common_api.h in Headers */ = {isa = PBXBuildFile; fileRef = 951097DA2C54030900F01C88 /* retro_common_api.h */; };
		9510983C2C54030900F01C88 /* retro_environment.h in Headers */ = {isa = PBXBuildFile; fileRef = 951097DB2C54030900F01C88 /* retro_environment.h */; };
		9510983D2C54030900F01C88 /* retro_inline.h in Headers */ = {isa = PBXBuildFile; fileRef = 951097DC2C54030900F01C88 /* retro_inline.h */; };
		9510983E2C54030900F01C88 /* retro_miscellaneous.h in Headers */ = {isa = PBXBuildFile; fileRef = 951097DD2C54030900F01C88 /* retro_miscellaneous.h */; };
		951098462C54030900F01C88 /* crypt.h in Headers */ = {isa = PBXBuildFile; fileRef = 951097EB2C54030900F01C88 /* crypt.h */; };
		9510984D2C54030900F01C88 /* cz80_support.h in Headers */ = {isa = PBXBuildFile; fileRef = 951097F22C54030900F01C88 /* cz80_support.h */; };
		9510984F2C54030900F01C88 /* cz80.h in Headers */ = {isa = PBXBuildFile; fileRef = 951097F42C54030900F01C88 /* cz80.h */; };
		951098552C54030900F01C88 /* DrZ80_support.h in Headers */ = {isa = PBXBuildFile; fileRef = 951097FA2C54030900F01C88 /* DrZ80_support.h */; };
		951098562C54030900F01C88 /* DrZ80.h in Headers */ = {isa = PBXBuildFile; fileRef = 951097FB2C54030900F01C88 /* DrZ80.h */; };
		951098592C54030900F01C88 /* flash.h in Headers */ = {isa = PBXBuildFile; fileRef = 951097FE2C54030900F01C88 /* flash.h */; };
		9510985B2C54030900F01C88 /* graphics.h in Headers */ = {isa = PBXBuildFile; fileRef = 951098002C54030900F01C88 /* graphics.h */; };
		9510985D2C54030900F01C88 /* input.h in Headers */ = {isa = PBXBuildFile; fileRef = 951098022C54030900F01C88 /* input.h */; };
		9510985E2C54030900F01C88 /* koyote_bin.h in Headers */ = {isa = PBXBuildFile; fileRef = 951098032C54030900F01C88 /* koyote_bin.h */; };
		951098622C54030900F01C88 /* main.h in Headers */ = {isa = PBXBuildFile; fileRef = 951098072C54030900F01C88 /* main.h */; };
		951098662C54030900F01C88 /* neopopsound.h in Headers */ = {isa = PBXBuildFile; fileRef = 9510980B2C54030900F01C88 /* neopopsound.h */; };
		951098682C54030900F01C88 /* ngpBios.h in Headers */ = {isa = PBXBuildFile; fileRef = 9510980D2C54030900F01C88 /* ngpBios.h */; };
		9510986A2C54030900F01C88 /* race-memory.h in Headers */ = {isa = PBXBuildFile; fileRef = 9510980F2C54030900F01C88 /* race-memory.h */; };
		9510986E2C54030900F01C88 /* sound.h in Headers */ = {isa = PBXBuildFile; fileRef = 951098132C54030900F01C88 /* sound.h */; };
		951098702C54030900F01C88 /* state.h in Headers */ = {isa = PBXBuildFile; fileRef = 951098152C54030900F01C88 /* state.h */; };
		951098722C54030900F01C88 /* tlcs900h.h in Headers */ = {isa = PBXBuildFile; fileRef = 951098172C54030900F01C88 /* tlcs900h.h */; };
		951098732C54030900F01C88 /* types.h in Headers */ = {isa = PBXBuildFile; fileRef = 951098182C54030900F01C88 /* types.h */; };
		951098742C54063400F01C88 /* tlcs900h.c in Sources */ = {isa = PBXBuildFile; fileRef = 951098162C54030900F01C88 /* tlcs900h.c */; };
		951098752C540DC600F01C88 /* graphics.c in Sources */ = {isa = PBXBuildFile; fileRef = 951097FF2C54030900F01C88 /* graphics.c */; };
		951098762C540DC900F01C88 /* main.c in Sources */ = {isa = PBXBuildFile; fileRef = 951098062C54030900F01C88 /* main.c */; };
		951098772C540DCC00F01C88 /* flash.c in Sources */ = {isa = PBXBuildFile; fileRef = 951097FD2C54030900F01C88 /* flash.c */; };
		951098782C540DD500F01C88 /* input.c in Sources */ = {isa = PBXBuildFile; fileRef = 951098012C54030900F01C88 /* input.c */; };
		951098792C540DDA00F01C88 /* libretro.c in Sources */ = {isa = PBXBuildFile; fileRef = 951097B22C54030900F01C88 /* libretro.c */; };
		9510987A2C540DDC00F01C88 /* log.c in Sources */ = {isa = PBXBuildFile; fileRef = 951097B52C54030900F01C88 /* log.c */; };
		9510987B2C540DE900F01C88 /* race-memory.c in Sources */ = {isa = PBXBuildFile; fileRef = 9510980E2C54030900F01C88 /* race-memory.c */; };
		9510987C2C540DEE00F01C88 /* ngpBios.c in Sources */ = {isa = PBXBuildFile; fileRef = 9510980C2C54030900F01C88 /* ngpBios.c */; };
		9510987D2C540DF700F01C88 /* neopopsound.c in Sources */ = {isa = PBXBuildFile; fileRef = 9510980A2C54030900F01C88 /* neopopsound.c */; };
		9510987E2C540DF900F01C88 /* state.c in Sources */ = {isa = PBXBuildFile; fileRef = 951098142C54030900F01C88 /* state.c */; };
		9510987F2C540DFB00F01C88 /* sound.c in Sources */ = {isa = PBXBuildFile; fileRef = 951098122C54030900F01C88 /* sound.c */; };
		951098802C540E0800F01C88 /* cz80.c in Sources */ = {isa = PBXBuildFile; fileRef = 951097F32C54030900F01C88 /* cz80.c */; };
		951098812C540E0A00F01C88 /* cz80_support.c in Sources */ = {isa = PBXBuildFile; fileRef = 951097F12C54030900F01C88 /* cz80_support.c */; };
		951098822C540E1900F01C88 /* compat_posix_string.c in Sources */ = {isa = PBXBuildFile; fileRef = 951097B82C54030900F01C88 /* compat_posix_string.c */; };
		951098832C540E1A00F01C88 /* compat_strcasestr.c in Sources */ = {isa = PBXBuildFile; fileRef = 951097B92C54030900F01C88 /* compat_strcasestr.c */; };
		951098842C540E1B00F01C88 /* compat_strl.c in Sources */ = {isa = PBXBuildFile; fileRef = 951097BA2C54030900F01C88 /* compat_strl.c */; };
		951098852C540E1D00F01C88 /* fopen_utf8.c in Sources */ = {isa = PBXBuildFile; fileRef = 951097BB2C54030900F01C88 /* fopen_utf8.c */; };
		951098862C540E2600F01C88 /* encoding_utf.c in Sources */ = {isa = PBXBuildFile; fileRef = 951097BD2C54030900F01C88 /* encoding_utf.c */; };
		951098872C540E2D00F01C88 /* file_path_io.c in Sources */ = {isa = PBXBuildFile; fileRef = 951097BF2C54030900F01C88 /* file_path_io.c */; };
		951098882C540E2E00F01C88 /* file_path.c in Sources */ = {isa = PBXBuildFile; fileRef = 951097C02C54030900F01C88 /* file_path.c */; };
		951098892C540E3900F01C88 /* file_stream.c in Sources */ = {isa = PBXBuildFile; fileRef = 951097E02C54030900F01C88 /* file_stream.c */; };
		9510988A2C540E3A00F01C88 /* file_stream_transforms.c in Sources */ = {isa = PBXBuildFile; fileRef = 951097DF2C54030900F01C88 /* file_stream_transforms.c */; };
		9510988B2C540E3D00F01C88 /* stdstring.c in Sources */ = {isa = PBXBuildFile; fileRef = 951097E22C54030900F01C88 /* stdstring.c */; };
		9510988C2C540E4000F01C88 /* rtime.c in Sources */ = {isa = PBXBuildFile; fileRef = 951097E42C54030900F01C88 /* rtime.c */; };
		9510988D2C540E4600F01C88 /* vfs_implementation.c in Sources */ = {isa = PBXBuildFile; fileRef = 951097E62C54030900F01C88 /* vfs_implementation.c */; };
		951098912C540E7C00F01C88 /* NeoGeoPocketCore.swift in Sources */ = {isa = PBXBuildFile; fileRef = 951098902C540E7C00F01C88 /* NeoGeoPocketCore.swift */; };
		951098942C540E9F00F01C88 /* ArcadiaCore.framework in Frameworks */ = {isa = PBXBuildFile; fileRef = 951098932C540E9F00F01C88 /* ArcadiaCore.framework */; };
/* End PBXBuildFile section */

/* Begin PBXContainerItemProxy section */
		9510979C2C5400F100F01C88 /* PBXContainerItemProxy */ = {
			isa = PBXContainerItemProxy;
			containerPortal = 951097872C5400F100F01C88 /* Project object */;
			proxyType = 1;
			remoteGlobalIDString = 9510978F2C5400F100F01C88;
			remoteInfo = ArcadiaNeoGeoPocketCore;
		};
/* End PBXContainerItemProxy section */

/* Begin PBXFileReference section */
		951097902C5400F100F01C88 /* ArcadiaNeoGeoPocketCore.framework */ = {isa = PBXFileReference; explicitFileType = wrapper.framework; includeInIndex = 0; path = ArcadiaNeoGeoPocketCore.framework; sourceTree = BUILT_PRODUCTS_DIR; };
		951097932C5400F100F01C88 /* ArcadiaNeoGeoPocketCore.h */ = {isa = PBXFileReference; lastKnownFileType = sourcecode.c.h; path = ArcadiaNeoGeoPocketCore.h; sourceTree = "<group>"; };
		951097942C5400F100F01C88 /* ArcadiaNeoGeoPocketCore.docc */ = {isa = PBXFileReference; lastKnownFileType = folder.documentationcatalog; path = ArcadiaNeoGeoPocketCore.docc; sourceTree = "<group>"; };
		9510979A2C5400F100F01C88 /* ArcadiaNeoGeoPocketCoreTests.xctest */ = {isa = PBXFileReference; explicitFileType = wrapper.cfbundle; includeInIndex = 0; path = ArcadiaNeoGeoPocketCoreTests.xctest; sourceTree = BUILT_PRODUCTS_DIR; };
		9510979F2C5400F200F01C88 /* ArcadiaNeoGeoPocketCoreTests.swift */ = {isa = PBXFileReference; lastKnownFileType = sourcecode.swift; path = ArcadiaNeoGeoPocketCoreTests.swift; sourceTree = "<group>"; };
		951097AA2C54030900F01C88 /* compilation.yml */ = {isa = PBXFileReference; fileEncoding = 4; lastKnownFileType = text.yaml; path = compilation.yml; sourceTree = "<group>"; };
		951097AD2C54030900F01C88 /* Android.mk */ = {isa = PBXFileReference; fileEncoding = 4; lastKnownFileType = text; path = Android.mk; sourceTree = "<group>"; };
		951097AE2C54030900F01C88 /* Application.mk */ = {isa = PBXFileReference; fileEncoding = 4; lastKnownFileType = text; path = Application.mk; sourceTree = "<group>"; };
		951097B02C54030900F01C88 /* libretro_core_options_intl.h */ = {isa = PBXFileReference; fileEncoding = 4; lastKnownFileType = sourcecode.c.h; path = libretro_core_options_intl.h; sourceTree = "<group>"; };
		951097B12C54030900F01C88 /* libretro_core_options.h */ = {isa = PBXFileReference; fileEncoding = 4; lastKnownFileType = sourcecode.c.h; path = libretro_core_options.h; sourceTree = "<group>"; };
		951097B22C54030900F01C88 /* libretro.c */ = {isa = PBXFileReference; fileEncoding = 4; lastKnownFileType = sourcecode.c.c; path = libretro.c; sourceTree = "<group>"; };
		951097B32C54030900F01C88 /* libretro.h */ = {isa = PBXFileReference; fileEncoding = 4; lastKnownFileType = sourcecode.c.h; path = libretro.h; sourceTree = "<group>"; };
		951097B42C54030900F01C88 /* link.T */ = {isa = PBXFileReference; fileEncoding = 4; lastKnownFileType = text; path = link.T; sourceTree = "<group>"; };
		951097B52C54030900F01C88 /* log.c */ = {isa = PBXFileReference; fileEncoding = 4; lastKnownFileType = sourcecode.c.c; path = log.c; sourceTree = "<group>"; };
		951097B62C54030900F01C88 /* log.h */ = {isa = PBXFileReference; fileEncoding = 4; lastKnownFileType = sourcecode.c.h; path = log.h; sourceTree = "<group>"; };
		951097B82C54030900F01C88 /* compat_posix_string.c */ = {isa = PBXFileReference; fileEncoding = 4; lastKnownFileType = sourcecode.c.c; path = compat_posix_string.c; sourceTree = "<group>"; };
		951097B92C54030900F01C88 /* compat_strcasestr.c */ = {isa = PBXFileReference; fileEncoding = 4; lastKnownFileType = sourcecode.c.c; path = compat_strcasestr.c; sourceTree = "<group>"; };
		951097BA2C54030900F01C88 /* compat_strl.c */ = {isa = PBXFileReference; fileEncoding = 4; lastKnownFileType = sourcecode.c.c; path = compat_strl.c; sourceTree = "<group>"; };
		951097BB2C54030900F01C88 /* fopen_utf8.c */ = {isa = PBXFileReference; fileEncoding = 4; lastKnownFileType = sourcecode.c.c; path = fopen_utf8.c; sourceTree = "<group>"; };
		951097BD2C54030900F01C88 /* encoding_utf.c */ = {isa = PBXFileReference; fileEncoding = 4; lastKnownFileType = sourcecode.c.c; path = encoding_utf.c; sourceTree = "<group>"; };
		951097BF2C54030900F01C88 /* file_path_io.c */ = {isa = PBXFileReference; fileEncoding = 4; lastKnownFileType = sourcecode.c.c; path = file_path_io.c; sourceTree = "<group>"; };
		951097C02C54030900F01C88 /* file_path.c */ = {isa = PBXFileReference; fileEncoding = 4; lastKnownFileType = sourcecode.c.c; path = file_path.c; sourceTree = "<group>"; };
		951097C22C54030900F01C88 /* stdint.h */ = {isa = PBXFileReference; fileEncoding = 4; lastKnownFileType = sourcecode.c.h; path = stdint.h; sourceTree = "<group>"; };
		951097C42C54030900F01C88 /* fopen_utf8.h */ = {isa = PBXFileReference; fileEncoding = 4; lastKnownFileType = sourcecode.c.h; path = fopen_utf8.h; sourceTree = "<group>"; };
		951097C52C54030900F01C88 /* msvc.h */ = {isa = PBXFileReference; fileEncoding = 4; lastKnownFileType = sourcecode.c.h; path = msvc.h; sourceTree = "<group>"; };
		951097C62C54030900F01C88 /* posix_string.h */ = {isa = PBXFileReference; fileEncoding = 4; lastKnownFileType = sourcecode.c.h; path = posix_string.h; sourceTree = "<group>"; };
		951097C72C54030900F01C88 /* strcasestr.h */ = {isa = PBXFileReference; fileEncoding = 4; lastKnownFileType = sourcecode.c.h; path = strcasestr.h; sourceTree = "<group>"; };
		951097C82C54030900F01C88 /* strl.h */ = {isa = PBXFileReference; fileEncoding = 4; lastKnownFileType = sourcecode.c.h; path = strl.h; sourceTree = "<group>"; };
		951097CA2C54030900F01C88 /* utf.h */ = {isa = PBXFileReference; fileEncoding = 4; lastKnownFileType = sourcecode.c.h; path = utf.h; sourceTree = "<group>"; };
		951097CC2C54030900F01C88 /* file_path.h */ = {isa = PBXFileReference; fileEncoding = 4; lastKnownFileType = sourcecode.c.h; path = file_path.h; sourceTree = "<group>"; };
		951097CE2C54030900F01C88 /* file_stream.h */ = {isa = PBXFileReference; fileEncoding = 4; lastKnownFileType = sourcecode.c.h; path = file_stream.h; sourceTree = "<group>"; };
		951097D02C54030900F01C88 /* stdstring.h */ = {isa = PBXFileReference; fileEncoding = 4; lastKnownFileType = sourcecode.c.h; path = stdstring.h; sourceTree = "<group>"; };
		951097D22C54030900F01C88 /* rtime.h */ = {isa = PBXFileReference; fileEncoding = 4; lastKnownFileType = sourcecode.c.h; path = rtime.h; sourceTree = "<group>"; };
		951097D42C54030900F01C88 /* vfs_implementation.h */ = {isa = PBXFileReference; fileEncoding = 4; lastKnownFileType = sourcecode.c.h; path = vfs_implementation.h; sourceTree = "<group>"; };
		951097D52C54030900F01C88 /* vfs.h */ = {isa = PBXFileReference; fileEncoding = 4; lastKnownFileType = sourcecode.c.h; path = vfs.h; sourceTree = "<group>"; };
		951097D72C54030900F01C88 /* boolean.h */ = {isa = PBXFileReference; fileEncoding = 4; lastKnownFileType = sourcecode.c.h; path = boolean.h; sourceTree = "<group>"; };
		951097D82C54030900F01C88 /* libretro.h */ = {isa = PBXFileReference; fileEncoding = 4; lastKnownFileType = sourcecode.c.h; path = libretro.h; sourceTree = "<group>"; };
		951097D92C54030900F01C88 /* retro_assert.h */ = {isa = PBXFileReference; fileEncoding = 4; lastKnownFileType = sourcecode.c.h; path = retro_assert.h; sourceTree = "<group>"; };
		951097DA2C54030900F01C88 /* retro_common_api.h */ = {isa = PBXFileReference; fileEncoding = 4; lastKnownFileType = sourcecode.c.h; path = retro_common_api.h; sourceTree = "<group>"; };
		951097DB2C54030900F01C88 /* retro_environment.h */ = {isa = PBXFileReference; fileEncoding = 4; lastKnownFileType = sourcecode.c.h; path = retro_environment.h; sourceTree = "<group>"; };
		951097DC2C54030900F01C88 /* retro_inline.h */ = {isa = PBXFileReference; fileEncoding = 4; lastKnownFileType = sourcecode.c.h; path = retro_inline.h; sourceTree = "<group>"; };
		951097DD2C54030900F01C88 /* retro_miscellaneous.h */ = {isa = PBXFileReference; fileEncoding = 4; lastKnownFileType = sourcecode.c.h; path = retro_miscellaneous.h; sourceTree = "<group>"; };
		951097DF2C54030900F01C88 /* file_stream_transforms.c */ = {isa = PBXFileReference; fileEncoding = 4; lastKnownFileType = sourcecode.c.c; path = file_stream_transforms.c; sourceTree = "<group>"; };
		951097E02C54030900F01C88 /* file_stream.c */ = {isa = PBXFileReference; fileEncoding = 4; lastKnownFileType = sourcecode.c.c; path = file_stream.c; sourceTree = "<group>"; };
		951097E22C54030900F01C88 /* stdstring.c */ = {isa = PBXFileReference; fileEncoding = 4; lastKnownFileType = sourcecode.c.c; path = stdstring.c; sourceTree = "<group>"; };
		951097E42C54030900F01C88 /* rtime.c */ = {isa = PBXFileReference; fileEncoding = 4; lastKnownFileType = sourcecode.c.c; path = rtime.c; sourceTree = "<group>"; };
		951097E62C54030900F01C88 /* vfs_implementation.c */ = {isa = PBXFileReference; fileEncoding = 4; lastKnownFileType = sourcecode.c.c; path = vfs_implementation.c; sourceTree = "<group>"; };
		951097E92C54030900F01C88 /* .gitignore */ = {isa = PBXFileReference; fileEncoding = 4; lastKnownFileType = text; path = .gitignore; sourceTree = "<group>"; };
		951097EA2C54030900F01C88 /* .gitlab-ci.yml */ = {isa = PBXFileReference; fileEncoding = 4; lastKnownFileType = text.yaml; path = ".gitlab-ci.yml"; sourceTree = "<group>"; };
		951097EB2C54030900F01C88 /* crypt.h */ = {isa = PBXFileReference; fileEncoding = 4; lastKnownFileType = sourcecode.c.h; path = crypt.h; sourceTree = "<group>"; };
		951097EC2C54030900F01C88 /* cz80_op.inc */ = {isa = PBXFileReference; fileEncoding = 4; lastKnownFileType = sourcecode.pascal; path = cz80_op.inc; sourceTree = "<group>"; };
		951097ED2C54030900F01C88 /* cz80_opCB.inc */ = {isa = PBXFileReference; fileEncoding = 4; lastKnownFileType = sourcecode.pascal; path = cz80_opCB.inc; sourceTree = "<group>"; };
		951097EE2C54030900F01C88 /* cz80_opED.inc */ = {isa = PBXFileReference; fileEncoding = 4; lastKnownFileType = sourcecode.pascal; path = cz80_opED.inc; sourceTree = "<group>"; };
		951097EF2C54030900F01C88 /* cz80_opXY.inc */ = {isa = PBXFileReference; fileEncoding = 4; lastKnownFileType = sourcecode.pascal; path = cz80_opXY.inc; sourceTree = "<group>"; };
		951097F02C54030900F01C88 /* cz80_opXYCB.inc */ = {isa = PBXFileReference; fileEncoding = 4; lastKnownFileType = sourcecode.pascal; path = cz80_opXYCB.inc; sourceTree = "<group>"; };
		951097F12C54030900F01C88 /* cz80_support.c */ = {isa = PBXFileReference; fileEncoding = 4; lastKnownFileType = sourcecode.c.c; path = cz80_support.c; sourceTree = "<group>"; };
		951097F22C54030900F01C88 /* cz80_support.h */ = {isa = PBXFileReference; fileEncoding = 4; lastKnownFileType = sourcecode.c.h; path = cz80_support.h; sourceTree = "<group>"; };
		951097F32C54030900F01C88 /* cz80.c */ = {isa = PBXFileReference; fileEncoding = 4; lastKnownFileType = sourcecode.c.c; path = cz80.c; sourceTree = "<group>"; };
		951097F42C54030900F01C88 /* cz80.h */ = {isa = PBXFileReference; fileEncoding = 4; lastKnownFileType = sourcecode.c.h; path = cz80.h; sourceTree = "<group>"; };
		951097F52C54030900F01C88 /* cz80.inc */ = {isa = PBXFileReference; fileEncoding = 4; lastKnownFileType = sourcecode.pascal; path = cz80.inc; sourceTree = "<group>"; };
		951097F62C54030900F01C88 /* cz80exec.inc */ = {isa = PBXFileReference; fileEncoding = 4; lastKnownFileType = sourcecode.pascal; path = cz80exec.inc; sourceTree = "<group>"; };
		951097F72C54030900F01C88 /* cz80jmp.inc */ = {isa = PBXFileReference; fileEncoding = 4; lastKnownFileType = sourcecode.pascal; path = cz80jmp.inc; sourceTree = "<group>"; };
		951097F82C54030900F01C88 /* DrZ80_gpl.txt */ = {isa = PBXFileReference; fileEncoding = 4; lastKnownFileType = text; path = DrZ80_gpl.txt; sourceTree = "<group>"; };
		951097F92C54030900F01C88 /* DrZ80_support.c */ = {isa = PBXFileReference; fileEncoding = 4; lastKnownFileType = sourcecode.c.c; path = DrZ80_support.c; sourceTree = "<group>"; };
		951097FA2C54030900F01C88 /* DrZ80_support.h */ = {isa = PBXFileReference; fileEncoding = 4; lastKnownFileType = sourcecode.c.h; path = DrZ80_support.h; sourceTree = "<group>"; };
		951097FB2C54030900F01C88 /* DrZ80.h */ = {isa = PBXFileReference; fileEncoding = 4; lastKnownFileType = sourcecode.c.h; path = DrZ80.h; sourceTree = "<group>"; };
		951097FC2C54030900F01C88 /* DrZ80.s */ = {isa = PBXFileReference; fileEncoding = 4; lastKnownFileType = sourcecode.asm; path = DrZ80.s; sourceTree = "<group>"; };
		951097FD2C54030900F01C88 /* flash.c */ = {isa = PBXFileReference; fileEncoding = 4; lastKnownFileType = sourcecode.c.c; path = flash.c; sourceTree = "<group>"; };
		951097FE2C54030900F01C88 /* flash.h */ = {isa = PBXFileReference; fileEncoding = 4; lastKnownFileType = sourcecode.c.h; path = flash.h; sourceTree = "<group>"; };
		951097FF2C54030900F01C88 /* graphics.c */ = {isa = PBXFileReference; fileEncoding = 4; lastKnownFileType = sourcecode.c.c; path = graphics.c; sourceTree = "<group>"; };
		951098002C54030900F01C88 /* graphics.h */ = {isa = PBXFileReference; fileEncoding = 4; lastKnownFileType = sourcecode.c.h; path = graphics.h; sourceTree = "<group>"; };
		951098012C54030900F01C88 /* input.c */ = {isa = PBXFileReference; fileEncoding = 4; lastKnownFileType = sourcecode.c.c; path = input.c; sourceTree = "<group>"; };
		951098022C54030900F01C88 /* input.h */ = {isa = PBXFileReference; fileEncoding = 4; lastKnownFileType = sourcecode.c.h; path = input.h; sourceTree = "<group>"; };
		951098032C54030900F01C88 /* koyote_bin.h */ = {isa = PBXFileReference; fileEncoding = 4; lastKnownFileType = sourcecode.c.h; path = koyote_bin.h; sourceTree = "<group>"; };
		951098042C54030900F01C88 /* koyote.bin */ = {isa = PBXFileReference; lastKnownFileType = archive.macbinary; path = koyote.bin; sourceTree = "<group>"; };
		951098052C54030900F01C88 /* license.txt */ = {isa = PBXFileReference; fileEncoding = 4; lastKnownFileType = text; path = license.txt; sourceTree = "<group>"; };
		951098062C54030900F01C88 /* main.c */ = {isa = PBXFileReference; fileEncoding = 4; lastKnownFileType = sourcecode.c.c; path = main.c; sourceTree = "<group>"; };
		951098072C54030900F01C88 /* main.h */ = {isa = PBXFileReference; fileEncoding = 4; lastKnownFileType = sourcecode.c.h; path = main.h; sourceTree = "<group>"; };
		951098082C54030900F01C88 /* Makefile */ = {isa = PBXFileReference; fileEncoding = 4; lastKnownFileType = sourcecode.make; path = Makefile; sourceTree = "<group>"; };
		951098092C54030900F01C88 /* Makefile.common */ = {isa = PBXFileReference; fileEncoding = 4; lastKnownFileType = text; path = Makefile.common; sourceTree = "<group>"; };
		9510980A2C54030900F01C88 /* neopopsound.c */ = {isa = PBXFileReference; fileEncoding = 4; lastKnownFileType = sourcecode.c.c; path = neopopsound.c; sourceTree = "<group>"; };
		9510980B2C54030900F01C88 /* neopopsound.h */ = {isa = PBXFileReference; fileEncoding = 4; lastKnownFileType = sourcecode.c.h; path = neopopsound.h; sourceTree = "<group>"; };
		9510980C2C54030900F01C88 /* ngpBios.c */ = {isa = PBXFileReference; fileEncoding = 4; lastKnownFileType = sourcecode.c.c; path = ngpBios.c; sourceTree = "<group>"; };
		9510980D2C54030900F01C88 /* ngpBios.h */ = {isa = PBXFileReference; fileEncoding = 4; lastKnownFileType = sourcecode.c.h; path = ngpBios.h; sourceTree = "<group>"; };
		9510980E2C54030900F01C88 /* race-memory.c */ = {isa = PBXFileReference; fileEncoding = 4; lastKnownFileType = sourcecode.c.c; path = "race-memory.c"; sourceTree = "<group>"; };
		9510980F2C54030900F01C88 /* race-memory.h */ = {isa = PBXFileReference; fileEncoding = 4; lastKnownFileType = sourcecode.c.h; path = "race-memory.h"; sourceTree = "<group>"; };
		951098102C54030900F01C88 /* README.md */ = {isa = PBXFileReference; fileEncoding = 4; lastKnownFileType = net.daringfireball.markdown; path = README.md; sourceTree = "<group>"; };
		951098112C54030900F01C88 /* readme.txt */ = {isa = PBXFileReference; fileEncoding = 4; lastKnownFileType = text; path = readme.txt; sourceTree = "<group>"; };
		951098122C54030900F01C88 /* sound.c */ = {isa = PBXFileReference; fileEncoding = 4; lastKnownFileType = sourcecode.c.c; path = sound.c; sourceTree = "<group>"; };
		951098132C54030900F01C88 /* sound.h */ = {isa = PBXFileReference; fileEncoding = 4; lastKnownFileType = sourcecode.c.h; path = sound.h; sourceTree = "<group>"; };
		951098142C54030900F01C88 /* state.c */ = {isa = PBXFileReference; fileEncoding = 4; lastKnownFileType = sourcecode.c.c; path = state.c; sourceTree = "<group>"; };
		951098152C54030900F01C88 /* state.h */ = {isa = PBXFileReference; fileEncoding = 4; lastKnownFileType = sourcecode.c.h; path = state.h; sourceTree = "<group>"; };
		951098162C54030900F01C88 /* tlcs900h.c */ = {isa = PBXFileReference; fileEncoding = 4; lastKnownFileType = sourcecode.c.c; path = tlcs900h.c; sourceTree = "<group>"; };
		951098172C54030900F01C88 /* tlcs900h.h */ = {isa = PBXFileReference; fileEncoding = 4; lastKnownFileType = sourcecode.c.h; path = tlcs900h.h; sourceTree = "<group>"; };
		951098182C54030900F01C88 /* types.h */ = {isa = PBXFileReference; fileEncoding = 4; lastKnownFileType = sourcecode.c.h; path = types.h; sourceTree = "<group>"; };
		951098902C540E7C00F01C88 /* NeoGeoPocketCore.swift */ = {isa = PBXFileReference; lastKnownFileType = sourcecode.swift; path = NeoGeoPocketCore.swift; sourceTree = "<group>"; };
		951098932C540E9F00F01C88 /* ArcadiaCore.framework */ = {isa = PBXFileReference; explicitFileType = wrapper.framework; path = ArcadiaCore.framework; sourceTree = BUILT_PRODUCTS_DIR; };
/* End PBXFileReference section */

/* Begin PBXFrameworksBuildPhase section */
		9510978D2C5400F100F01C88 /* Frameworks */ = {
			isa = PBXFrameworksBuildPhase;
			buildActionMask = 2147483647;
			files = (
				951098942C540E9F00F01C88 /* ArcadiaCore.framework in Frameworks */,
			);
			runOnlyForDeploymentPostprocessing = 0;
		};
		951097972C5400F100F01C88 /* Frameworks */ = {
			isa = PBXFrameworksBuildPhase;
			buildActionMask = 2147483647;
			files = (
				9510979B2C5400F100F01C88 /* ArcadiaNeoGeoPocketCore.framework in Frameworks */,
			);
			runOnlyForDeploymentPostprocessing = 0;
		};
/* End PBXFrameworksBuildPhase section */

/* Begin PBXGroup section */
		951097862C5400F100F01C88 = {
			isa = PBXGroup;
			children = (
				951097922C5400F100F01C88 /* ArcadiaNeoGeoPocketCore */,
				9510979E2C5400F200F01C88 /* ArcadiaNeoGeoPocketCoreTests */,
				951097912C5400F100F01C88 /* Products */,
				951098922C540E9F00F01C88 /* Frameworks */,
			);
			sourceTree = "<group>";
		};
		951097912C5400F100F01C88 /* Products */ = {
			isa = PBXGroup;
			children = (
				951097902C5400F100F01C88 /* ArcadiaNeoGeoPocketCore.framework */,
				9510979A2C5400F100F01C88 /* ArcadiaNeoGeoPocketCoreTests.xctest */,
			);
			name = Products;
			sourceTree = "<group>";
		};
		951097922C5400F100F01C88 /* ArcadiaNeoGeoPocketCore */ = {
			isa = PBXGroup;
			children = (
				951098192C54030900F01C88 /* RACE */,
				951097932C5400F100F01C88 /* ArcadiaNeoGeoPocketCore.h */,
				951097942C5400F100F01C88 /* ArcadiaNeoGeoPocketCore.docc */,
				951098902C540E7C00F01C88 /* NeoGeoPocketCore.swift */,
			);
			path = ArcadiaNeoGeoPocketCore;
			sourceTree = "<group>";
		};
		9510979E2C5400F200F01C88 /* ArcadiaNeoGeoPocketCoreTests */ = {
			isa = PBXGroup;
			children = (
				9510979F2C5400F200F01C88 /* ArcadiaNeoGeoPocketCoreTests.swift */,
			);
			path = ArcadiaNeoGeoPocketCoreTests;
			sourceTree = "<group>";
		};
		951097AB2C54030900F01C88 /* workflows */ = {
			isa = PBXGroup;
			children = (
				951097AA2C54030900F01C88 /* compilation.yml */,
			);
			path = workflows;
			sourceTree = "<group>";
		};
		951097AC2C54030900F01C88 /* .github */ = {
			isa = PBXGroup;
			children = (
				951097AB2C54030900F01C88 /* workflows */,
			);
			path = .github;
			sourceTree = "<group>";
		};
		951097AF2C54030900F01C88 /* jni */ = {
			isa = PBXGroup;
			children = (
				951097AD2C54030900F01C88 /* Android.mk */,
				951097AE2C54030900F01C88 /* Application.mk */,
			);
			path = jni;
			sourceTree = "<group>";
		};
		951097B72C54030900F01C88 /* libretro */ = {
			isa = PBXGroup;
			children = (
				951097B02C54030900F01C88 /* libretro_core_options_intl.h */,
				951097B12C54030900F01C88 /* libretro_core_options.h */,
				951097B22C54030900F01C88 /* libretro.c */,
				951097B32C54030900F01C88 /* libretro.h */,
				951097B42C54030900F01C88 /* link.T */,
				951097B52C54030900F01C88 /* log.c */,
				951097B62C54030900F01C88 /* log.h */,
			);
			path = libretro;
			sourceTree = "<group>";
		};
		951097BC2C54030900F01C88 /* compat */ = {
			isa = PBXGroup;
			children = (
				951097B82C54030900F01C88 /* compat_posix_string.c */,
				951097B92C54030900F01C88 /* compat_strcasestr.c */,
				951097BA2C54030900F01C88 /* compat_strl.c */,
				951097BB2C54030900F01C88 /* fopen_utf8.c */,
			);
			path = compat;
			sourceTree = "<group>";
		};
		951097BE2C54030900F01C88 /* encodings */ = {
			isa = PBXGroup;
			children = (
				951097BD2C54030900F01C88 /* encoding_utf.c */,
			);
			path = encodings;
			sourceTree = "<group>";
		};
		951097C12C54030900F01C88 /* file */ = {
			isa = PBXGroup;
			children = (
				951097BF2C54030900F01C88 /* file_path_io.c */,
				951097C02C54030900F01C88 /* file_path.c */,
			);
			path = file;
			sourceTree = "<group>";
		};
		951097C32C54030900F01C88 /* msvc */ = {
			isa = PBXGroup;
			children = (
				951097C22C54030900F01C88 /* stdint.h */,
			);
			path = msvc;
			sourceTree = "<group>";
		};
		951097C92C54030900F01C88 /* compat */ = {
			isa = PBXGroup;
			children = (
				951097C32C54030900F01C88 /* msvc */,
				951097C42C54030900F01C88 /* fopen_utf8.h */,
				951097C52C54030900F01C88 /* msvc.h */,
				951097C62C54030900F01C88 /* posix_string.h */,
				951097C72C54030900F01C88 /* strcasestr.h */,
				951097C82C54030900F01C88 /* strl.h */,
			);
			path = compat;
			sourceTree = "<group>";
		};
		951097CB2C54030900F01C88 /* encodings */ = {
			isa = PBXGroup;
			children = (
				951097CA2C54030900F01C88 /* utf.h */,
			);
			path = encodings;
			sourceTree = "<group>";
		};
		951097CD2C54030900F01C88 /* file */ = {
			isa = PBXGroup;
			children = (
				951097CC2C54030900F01C88 /* file_path.h */,
			);
			path = file;
			sourceTree = "<group>";
		};
		951097CF2C54030900F01C88 /* streams */ = {
			isa = PBXGroup;
			children = (
				951097CE2C54030900F01C88 /* file_stream.h */,
			);
			path = streams;
			sourceTree = "<group>";
		};
		951097D12C54030900F01C88 /* string */ = {
			isa = PBXGroup;
			children = (
				951097D02C54030900F01C88 /* stdstring.h */,
			);
			path = string;
			sourceTree = "<group>";
		};
		951097D32C54030900F01C88 /* time */ = {
			isa = PBXGroup;
			children = (
				951097D22C54030900F01C88 /* rtime.h */,
			);
			path = time;
			sourceTree = "<group>";
		};
		951097D62C54030900F01C88 /* vfs */ = {
			isa = PBXGroup;
			children = (
				951097D42C54030900F01C88 /* vfs_implementation.h */,
				951097D52C54030900F01C88 /* vfs.h */,
			);
			path = vfs;
			sourceTree = "<group>";
		};
		951097DE2C54030900F01C88 /* include */ = {
			isa = PBXGroup;
			children = (
				951097C92C54030900F01C88 /* compat */,
				951097CB2C54030900F01C88 /* encodings */,
				951097CD2C54030900F01C88 /* file */,
				951097CF2C54030900F01C88 /* streams */,
				951097D12C54030900F01C88 /* string */,
				951097D32C54030900F01C88 /* time */,
				951097D62C54030900F01C88 /* vfs */,
				951097D72C54030900F01C88 /* boolean.h */,
				951097D82C54030900F01C88 /* libretro.h */,
				951097D92C54030900F01C88 /* retro_assert.h */,
				951097DA2C54030900F01C88 /* retro_common_api.h */,
				951097DB2C54030900F01C88 /* retro_environment.h */,
				951097DC2C54030900F01C88 /* retro_inline.h */,
				951097DD2C54030900F01C88 /* retro_miscellaneous.h */,
			);
			path = include;
			sourceTree = "<group>";
		};
		951097E12C54030900F01C88 /* streams */ = {
			isa = PBXGroup;
			children = (
				951097DF2C54030900F01C88 /* file_stream_transforms.c */,
				951097E02C54030900F01C88 /* file_stream.c */,
			);
			path = streams;
			sourceTree = "<group>";
		};
		951097E32C54030900F01C88 /* string */ = {
			isa = PBXGroup;
			children = (
				951097E22C54030900F01C88 /* stdstring.c */,
			);
			path = string;
			sourceTree = "<group>";
		};
		951097E52C54030900F01C88 /* time */ = {
			isa = PBXGroup;
			children = (
				951097E42C54030900F01C88 /* rtime.c */,
			);
			path = time;
			sourceTree = "<group>";
		};
		951097E72C54030900F01C88 /* vfs */ = {
			isa = PBXGroup;
			children = (
				951097E62C54030900F01C88 /* vfs_implementation.c */,
			);
			path = vfs;
			sourceTree = "<group>";
		};
		951097E82C54030900F01C88 /* libretro-common */ = {
			isa = PBXGroup;
			children = (
				951097BC2C54030900F01C88 /* compat */,
				951097BE2C54030900F01C88 /* encodings */,
				951097C12C54030900F01C88 /* file */,
				951097DE2C54030900F01C88 /* include */,
				951097E12C54030900F01C88 /* streams */,
				951097E32C54030900F01C88 /* string */,
				951097E52C54030900F01C88 /* time */,
				951097E72C54030900F01C88 /* vfs */,
			);
			path = "libretro-common";
			sourceTree = "<group>";
		};
		951098192C54030900F01C88 /* RACE */ = {
			isa = PBXGroup;
			children = (
				951097AC2C54030900F01C88 /* .github */,
				951097AF2C54030900F01C88 /* jni */,
				951097B72C54030900F01C88 /* libretro */,
				951097E82C54030900F01C88 /* libretro-common */,
				951097E92C54030900F01C88 /* .gitignore */,
				951097EA2C54030900F01C88 /* .gitlab-ci.yml */,
				951097EB2C54030900F01C88 /* crypt.h */,
				951097EC2C54030900F01C88 /* cz80_op.inc */,
				951097ED2C54030900F01C88 /* cz80_opCB.inc */,
				951097EE2C54030900F01C88 /* cz80_opED.inc */,
				951097EF2C54030900F01C88 /* cz80_opXY.inc */,
				951097F02C54030900F01C88 /* cz80_opXYCB.inc */,
				951097F12C54030900F01C88 /* cz80_support.c */,
				951097F22C54030900F01C88 /* cz80_support.h */,
				951097F32C54030900F01C88 /* cz80.c */,
				951097F42C54030900F01C88 /* cz80.h */,
				951097F52C54030900F01C88 /* cz80.inc */,
				951097F62C54030900F01C88 /* cz80exec.inc */,
				951097F72C54030900F01C88 /* cz80jmp.inc */,
				951097F82C54030900F01C88 /* DrZ80_gpl.txt */,
				951097F92C54030900F01C88 /* DrZ80_support.c */,
				951097FA2C54030900F01C88 /* DrZ80_support.h */,
				951097FB2C54030900F01C88 /* DrZ80.h */,
				951097FC2C54030900F01C88 /* DrZ80.s */,
				951097FD2C54030900F01C88 /* flash.c */,
				951097FE2C54030900F01C88 /* flash.h */,
				951097FF2C54030900F01C88 /* graphics.c */,
				951098002C54030900F01C88 /* graphics.h */,
				951098012C54030900F01C88 /* input.c */,
				951098022C54030900F01C88 /* input.h */,
				951098032C54030900F01C88 /* koyote_bin.h */,
				951098042C54030900F01C88 /* koyote.bin */,
				951098052C54030900F01C88 /* license.txt */,
				951098062C54030900F01C88 /* main.c */,
				951098072C54030900F01C88 /* main.h */,
				951098082C54030900F01C88 /* Makefile */,
				951098092C54030900F01C88 /* Makefile.common */,
				9510980A2C54030900F01C88 /* neopopsound.c */,
				9510980B2C54030900F01C88 /* neopopsound.h */,
				9510980C2C54030900F01C88 /* ngpBios.c */,
				9510980D2C54030900F01C88 /* ngpBios.h */,
				9510980E2C54030900F01C88 /* race-memory.c */,
				9510980F2C54030900F01C88 /* race-memory.h */,
				951098102C54030900F01C88 /* README.md */,
				951098112C54030900F01C88 /* readme.txt */,
				951098122C54030900F01C88 /* sound.c */,
				951098132C54030900F01C88 /* sound.h */,
				951098142C54030900F01C88 /* state.c */,
				951098152C54030900F01C88 /* state.h */,
				951098162C54030900F01C88 /* tlcs900h.c */,
				951098172C54030900F01C88 /* tlcs900h.h */,
				951098182C54030900F01C88 /* types.h */,
			);
			path = RACE;
			sourceTree = "<group>";
		};
		951098922C540E9F00F01C88 /* Frameworks */ = {
			isa = PBXGroup;
			children = (
				951098932C540E9F00F01C88 /* ArcadiaCore.framework */,
			);
			name = Frameworks;
			sourceTree = "<group>";
		};
/* End PBXGroup section */

/* Begin PBXHeadersBuildPhase section */
		9510978B2C5400F100F01C88 /* Headers */ = {
			isa = PBXHeadersBuildPhase;
			buildActionMask = 2147483647;
			files = (
				9510986A2C54030900F01C88 /* race-memory.h in Headers */,
				951098372C54030900F01C88 /* vfs.h in Headers */,
				9510984F2C54030900F01C88 /* cz80.h in Headers */,
				951098592C54030900F01C88 /* flash.h in Headers */,
				951098462C54030900F01C88 /* crypt.h in Headers */,
				9510984D2C54030900F01C88 /* cz80_support.h in Headers */,
				951098322C54030900F01C88 /* file_path.h in Headers */,
				951098302C54030900F01C88 /* strl.h in Headers */,
				9510981E2C54030900F01C88 /* libretro_core_options.h in Headers */,
				951098662C54030900F01C88 /* neopopsound.h in Headers */,
				9510982C2C54030900F01C88 /* fopen_utf8.h in Headers */,
				951098682C54030900F01C88 /* ngpBios.h in Headers */,
				951098562C54030900F01C88 /* DrZ80.h in Headers */,
				9510983D2C54030900F01C88 /* retro_inline.h in Headers */,
				9510985D2C54030900F01C88 /* input.h in Headers */,
				9510981D2C54030900F01C88 /* libretro_core_options_intl.h in Headers */,
				9510983E2C54030900F01C88 /* retro_miscellaneous.h in Headers */,
				951098332C54030900F01C88 /* file_stream.h in Headers */,
				9510982E2C54030900F01C88 /* posix_string.h in Headers */,
				9510983C2C54030900F01C88 /* retro_environment.h in Headers */,
				9510986E2C54030900F01C88 /* sound.h in Headers */,
				9510985B2C54030900F01C88 /* graphics.h in Headers */,
				951098312C54030900F01C88 /* utf.h in Headers */,
				951098232C54030900F01C88 /* log.h in Headers */,
				951098392C54030900F01C88 /* libretro.h in Headers */,
				951098362C54030900F01C88 /* vfs_implementation.h in Headers */,
				9510983B2C54030900F01C88 /* retro_common_api.h in Headers */,
				951098552C54030900F01C88 /* DrZ80_support.h in Headers */,
				9510982D2C54030900F01C88 /* msvc.h in Headers */,
				951098732C54030900F01C88 /* types.h in Headers */,
				951098382C54030900F01C88 /* boolean.h in Headers */,
				9510985E2C54030900F01C88 /* koyote_bin.h in Headers */,
				951097A12C5400F200F01C88 /* ArcadiaNeoGeoPocketCore.h in Headers */,
				951098342C54030900F01C88 /* stdstring.h in Headers */,
				951098622C54030900F01C88 /* main.h in Headers */,
				9510982F2C54030900F01C88 /* strcasestr.h in Headers */,
				951098352C54030900F01C88 /* rtime.h in Headers */,
				951098202C54030900F01C88 /* libretro.h in Headers */,
				951098702C54030900F01C88 /* state.h in Headers */,
				951098722C54030900F01C88 /* tlcs900h.h in Headers */,
				9510983A2C54030900F01C88 /* retro_assert.h in Headers */,
			);
			runOnlyForDeploymentPostprocessing = 0;
		};
/* End PBXHeadersBuildPhase section */

/* Begin PBXNativeTarget section */
		9510978F2C5400F100F01C88 /* ArcadiaNeoGeoPocketCore */ = {
			isa = PBXNativeTarget;
			buildConfigurationList = 951097A42C5400F200F01C88 /* Build configuration list for PBXNativeTarget "ArcadiaNeoGeoPocketCore" */;
			buildPhases = (
				9510978B2C5400F100F01C88 /* Headers */,
				9510978C2C5400F100F01C88 /* Sources */,
				9510978D2C5400F100F01C88 /* Frameworks */,
				9510978E2C5400F100F01C88 /* Resources */,
			);
			buildRules = (
			);
			dependencies = (
			);
			name = ArcadiaNeoGeoPocketCore;
			productName = ArcadiaNeoGeoPocketCore;
			productReference = 951097902C5400F100F01C88 /* ArcadiaNeoGeoPocketCore.framework */;
			productType = "com.apple.product-type.framework";
		};
		951097992C5400F100F01C88 /* ArcadiaNeoGeoPocketCoreTests */ = {
			isa = PBXNativeTarget;
			buildConfigurationList = 951097A72C5400F200F01C88 /* Build configuration list for PBXNativeTarget "ArcadiaNeoGeoPocketCoreTests" */;
			buildPhases = (
				951097962C5400F100F01C88 /* Sources */,
				951097972C5400F100F01C88 /* Frameworks */,
				951097982C5400F100F01C88 /* Resources */,
			);
			buildRules = (
			);
			dependencies = (
				9510979D2C5400F100F01C88 /* PBXTargetDependency */,
			);
			name = ArcadiaNeoGeoPocketCoreTests;
			productName = ArcadiaNeoGeoPocketCoreTests;
			productReference = 9510979A2C5400F100F01C88 /* ArcadiaNeoGeoPocketCoreTests.xctest */;
			productType = "com.apple.product-type.bundle.unit-test";
		};
/* End PBXNativeTarget section */

/* Begin PBXProject section */
		951097872C5400F100F01C88 /* Project object */ = {
			isa = PBXProject;
			attributes = {
				BuildIndependentTargetsInParallel = 1;
				LastSwiftUpdateCheck = 1540;
				LastUpgradeCheck = 1540;
				TargetAttributes = {
					9510978F2C5400F100F01C88 = {
						CreatedOnToolsVersion = 15.4;
						LastSwiftMigration = 1540;
					};
					951097992C5400F100F01C88 = {
						CreatedOnToolsVersion = 15.4;
					};
				};
			};
			buildConfigurationList = 9510978A2C5400F100F01C88 /* Build configuration list for PBXProject "ArcadiaNeoGeoPocketCore" */;
			compatibilityVersion = "Xcode 14.0";
			developmentRegion = en;
			hasScannedForEncodings = 0;
			knownRegions = (
				en,
				Base,
			);
			mainGroup = 951097862C5400F100F01C88;
			productRefGroup = 951097912C5400F100F01C88 /* Products */;
			projectDirPath = "";
			projectRoot = "";
			targets = (
				9510978F2C5400F100F01C88 /* ArcadiaNeoGeoPocketCore */,
				951097992C5400F100F01C88 /* ArcadiaNeoGeoPocketCoreTests */,
			);
		};
/* End PBXProject section */

/* Begin PBXResourcesBuildPhase section */
		9510978E2C5400F100F01C88 /* Resources */ = {
			isa = PBXResourcesBuildPhase;
			buildActionMask = 2147483647;
			files = (
			);
			runOnlyForDeploymentPostprocessing = 0;
		};
		951097982C5400F100F01C88 /* Resources */ = {
			isa = PBXResourcesBuildPhase;
			buildActionMask = 2147483647;
			files = (
			);
			runOnlyForDeploymentPostprocessing = 0;
		};
/* End PBXResourcesBuildPhase section */

/* Begin PBXSourcesBuildPhase section */
		9510978C2C5400F100F01C88 /* Sources */ = {
			isa = PBXSourcesBuildPhase;
			buildActionMask = 2147483647;
			files = (
				951097952C5400F100F01C88 /* ArcadiaNeoGeoPocketCore.docc in Sources */,
				951098742C54063400F01C88 /* tlcs900h.c in Sources */,
				951098762C540DC900F01C88 /* main.c in Sources */,
				9510987C2C540DEE00F01C88 /* ngpBios.c in Sources */,
				951098792C540DDA00F01C88 /* libretro.c in Sources */,
				9510987A2C540DDC00F01C88 /* log.c in Sources */,
				951098852C540E1D00F01C88 /* fopen_utf8.c in Sources */,
				9510987B2C540DE900F01C88 /* race-memory.c in Sources */,
				951098812C540E0A00F01C88 /* cz80_support.c in Sources */,
				9510988B2C540E3D00F01C88 /* stdstring.c in Sources */,
				9510988D2C540E4600F01C88 /* vfs_implementation.c in Sources */,
				9510988A2C540E3A00F01C88 /* file_stream_transforms.c in Sources */,
				9510988C2C540E4000F01C88 /* rtime.c in Sources */,
				951098862C540E2600F01C88 /* encoding_utf.c in Sources */,
				951098892C540E3900F01C88 /* file_stream.c in Sources */,
				951098872C540E2D00F01C88 /* file_path_io.c in Sources */,
				951098882C540E2E00F01C88 /* file_path.c in Sources */,
				951098842C540E1B00F01C88 /* compat_strl.c in Sources */,
				951098832C540E1A00F01C88 /* compat_strcasestr.c in Sources */,
				9510987D2C540DF700F01C88 /* neopopsound.c in Sources */,
				951098772C540DCC00F01C88 /* flash.c in Sources */,
				951098912C540E7C00F01C88 /* NeoGeoPocketCore.swift in Sources */,
				9510987F2C540DFB00F01C88 /* sound.c in Sources */,
				951098822C540E1900F01C88 /* compat_posix_string.c in Sources */,
				9510987E2C540DF900F01C88 /* state.c in Sources */,
				951098802C540E0800F01C88 /* cz80.c in Sources */,
				951098782C540DD500F01C88 /* input.c in Sources */,
				951098752C540DC600F01C88 /* graphics.c in Sources */,
			);
			runOnlyForDeploymentPostprocessing = 0;
		};
		951097962C5400F100F01C88 /* Sources */ = {
			isa = PBXSourcesBuildPhase;
			buildActionMask = 2147483647;
			files = (
				951097A02C5400F200F01C88 /* ArcadiaNeoGeoPocketCoreTests.swift in Sources */,
			);
			runOnlyForDeploymentPostprocessing = 0;
		};
/* End PBXSourcesBuildPhase section */

/* Begin PBXTargetDependency section */
		9510979D2C5400F100F01C88 /* PBXTargetDependency */ = {
			isa = PBXTargetDependency;
			target = 9510978F2C5400F100F01C88 /* ArcadiaNeoGeoPocketCore */;
			targetProxy = 9510979C2C5400F100F01C88 /* PBXContainerItemProxy */;
		};
/* End PBXTargetDependency section */

/* Begin XCBuildConfiguration section */
		951097A22C5400F200F01C88 /* Debug */ = {
			isa = XCBuildConfiguration;
			buildSettings = {
				ALWAYS_SEARCH_USER_PATHS = NO;
				ASSETCATALOG_COMPILER_GENERATE_SWIFT_ASSET_SYMBOL_EXTENSIONS = YES;
				CLANG_ANALYZER_NONNULL = YES;
				CLANG_ANALYZER_NUMBER_OBJECT_CONVERSION = YES_AGGRESSIVE;
				CLANG_CXX_LANGUAGE_STANDARD = "gnu++20";
				CLANG_ENABLE_MODULES = YES;
				CLANG_ENABLE_OBJC_ARC = YES;
				CLANG_ENABLE_OBJC_WEAK = YES;
				CLANG_WARN_BLOCK_CAPTURE_AUTORELEASING = YES;
				CLANG_WARN_BOOL_CONVERSION = YES;
				CLANG_WARN_COMMA = YES;
				CLANG_WARN_CONSTANT_CONVERSION = YES;
				CLANG_WARN_DEPRECATED_OBJC_IMPLEMENTATIONS = YES;
				CLANG_WARN_DIRECT_OBJC_ISA_USAGE = YES_ERROR;
				CLANG_WARN_DOCUMENTATION_COMMENTS = YES;
				CLANG_WARN_EMPTY_BODY = YES;
				CLANG_WARN_ENUM_CONVERSION = YES;
				CLANG_WARN_INFINITE_RECURSION = YES;
				CLANG_WARN_INT_CONVERSION = YES;
				CLANG_WARN_NON_LITERAL_NULL_CONVERSION = YES;
				CLANG_WARN_OBJC_IMPLICIT_RETAIN_SELF = YES;
				CLANG_WARN_OBJC_LITERAL_CONVERSION = YES;
				CLANG_WARN_OBJC_ROOT_CLASS = YES_ERROR;
				CLANG_WARN_QUOTED_INCLUDE_IN_FRAMEWORK_HEADER = YES;
				CLANG_WARN_RANGE_LOOP_ANALYSIS = YES;
				CLANG_WARN_STRICT_PROTOTYPES = YES;
				CLANG_WARN_SUSPICIOUS_MOVE = YES;
				CLANG_WARN_UNGUARDED_AVAILABILITY = YES_AGGRESSIVE;
				CLANG_WARN_UNREACHABLE_CODE = YES;
				CLANG_WARN__DUPLICATE_METHOD_MATCH = YES;
				COPY_PHASE_STRIP = NO;
				CURRENT_PROJECT_VERSION = 1;
				DEBUG_INFORMATION_FORMAT = dwarf;
				ENABLE_STRICT_OBJC_MSGSEND = YES;
				ENABLE_TESTABILITY = YES;
				ENABLE_USER_SCRIPT_SANDBOXING = YES;
				GCC_C_LANGUAGE_STANDARD = gnu17;
				GCC_DYNAMIC_NO_PIC = NO;
				GCC_NO_COMMON_BLOCKS = YES;
				GCC_OPTIMIZATION_LEVEL = 0;
				GCC_PREPROCESSOR_DEFINITIONS = (
					"DEBUG=1",
					"$(inherited)",
				);
				GCC_WARN_64_TO_32_BIT_CONVERSION = YES;
				GCC_WARN_ABOUT_RETURN_TYPE = YES_ERROR;
				GCC_WARN_UNDECLARED_SELECTOR = YES;
				GCC_WARN_UNINITIALIZED_AUTOS = YES_AGGRESSIVE;
				GCC_WARN_UNUSED_FUNCTION = YES;
				GCC_WARN_UNUSED_VARIABLE = YES;
				LOCALIZATION_PREFERS_STRING_CATALOGS = YES;
				MTL_ENABLE_DEBUG_INFO = INCLUDE_SOURCE;
				MTL_FAST_MATH = YES;
				ONLY_ACTIVE_ARCH = YES;
				SWIFT_ACTIVE_COMPILATION_CONDITIONS = "DEBUG $(inherited)";
				SWIFT_OPTIMIZATION_LEVEL = "-Onone";
				VERSIONING_SYSTEM = "apple-generic";
				VERSION_INFO_PREFIX = "";
			};
			name = Debug;
		};
		951097A32C5400F200F01C88 /* Release */ = {
			isa = XCBuildConfiguration;
			buildSettings = {
				ALWAYS_SEARCH_USER_PATHS = NO;
				ASSETCATALOG_COMPILER_GENERATE_SWIFT_ASSET_SYMBOL_EXTENSIONS = YES;
				CLANG_ANALYZER_NONNULL = YES;
				CLANG_ANALYZER_NUMBER_OBJECT_CONVERSION = YES_AGGRESSIVE;
				CLANG_CXX_LANGUAGE_STANDARD = "gnu++20";
				CLANG_ENABLE_MODULES = YES;
				CLANG_ENABLE_OBJC_ARC = YES;
				CLANG_ENABLE_OBJC_WEAK = YES;
				CLANG_WARN_BLOCK_CAPTURE_AUTORELEASING = YES;
				CLANG_WARN_BOOL_CONVERSION = YES;
				CLANG_WARN_COMMA = YES;
				CLANG_WARN_CONSTANT_CONVERSION = YES;
				CLANG_WARN_DEPRECATED_OBJC_IMPLEMENTATIONS = YES;
				CLANG_WARN_DIRECT_OBJC_ISA_USAGE = YES_ERROR;
				CLANG_WARN_DOCUMENTATION_COMMENTS = YES;
				CLANG_WARN_EMPTY_BODY = YES;
				CLANG_WARN_ENUM_CONVERSION = YES;
				CLANG_WARN_INFINITE_RECURSION = YES;
				CLANG_WARN_INT_CONVERSION = YES;
				CLANG_WARN_NON_LITERAL_NULL_CONVERSION = YES;
				CLANG_WARN_OBJC_IMPLICIT_RETAIN_SELF = YES;
				CLANG_WARN_OBJC_LITERAL_CONVERSION = YES;
				CLANG_WARN_OBJC_ROOT_CLASS = YES_ERROR;
				CLANG_WARN_QUOTED_INCLUDE_IN_FRAMEWORK_HEADER = YES;
				CLANG_WARN_RANGE_LOOP_ANALYSIS = YES;
				CLANG_WARN_STRICT_PROTOTYPES = YES;
				CLANG_WARN_SUSPICIOUS_MOVE = YES;
				CLANG_WARN_UNGUARDED_AVAILABILITY = YES_AGGRESSIVE;
				CLANG_WARN_UNREACHABLE_CODE = YES;
				CLANG_WARN__DUPLICATE_METHOD_MATCH = YES;
				COPY_PHASE_STRIP = NO;
				CURRENT_PROJECT_VERSION = 1;
				DEBUG_INFORMATION_FORMAT = "dwarf-with-dsym";
				ENABLE_NS_ASSERTIONS = NO;
				ENABLE_STRICT_OBJC_MSGSEND = YES;
				ENABLE_USER_SCRIPT_SANDBOXING = YES;
				GCC_C_LANGUAGE_STANDARD = gnu17;
				GCC_NO_COMMON_BLOCKS = YES;
				GCC_WARN_64_TO_32_BIT_CONVERSION = YES;
				GCC_WARN_ABOUT_RETURN_TYPE = YES_ERROR;
				GCC_WARN_UNDECLARED_SELECTOR = YES;
				GCC_WARN_UNINITIALIZED_AUTOS = YES_AGGRESSIVE;
				GCC_WARN_UNUSED_FUNCTION = YES;
				GCC_WARN_UNUSED_VARIABLE = YES;
				LOCALIZATION_PREFERS_STRING_CATALOGS = YES;
				MTL_ENABLE_DEBUG_INFO = NO;
				MTL_FAST_MATH = YES;
				SWIFT_COMPILATION_MODE = wholemodule;
				VERSIONING_SYSTEM = "apple-generic";
				VERSION_INFO_PREFIX = "";
			};
			name = Release;
		};
		951097A52C5400F200F01C88 /* Debug */ = {
			isa = XCBuildConfiguration;
			buildSettings = {
				ALLOW_TARGET_PLATFORM_SPECIALIZATION = YES;
				BUILD_LIBRARY_FOR_DISTRIBUTION = YES;
				CLANG_CXX_LANGUAGE_STANDARD = "gnu++0x";
				CLANG_ENABLE_MODULES = YES;
				CODE_SIGN_STYLE = Automatic;
				CURRENT_PROJECT_VERSION = 1;
				DEFINES_MODULE = YES;
				DEVELOPMENT_TEAM = 32DR4Q2NF7;
				DYLIB_COMPATIBILITY_VERSION = 1;
				DYLIB_CURRENT_VERSION = 1;
				DYLIB_INSTALL_NAME_BASE = "@rpath";
				ENABLE_MODULE_VERIFIER = YES;
				GCC_C_LANGUAGE_STANDARD = gnu11;
				GENERATE_INFOPLIST_FILE = YES;
				HEADER_SEARCH_PATHS = "${PROJECT_DIR}/ArcadiaNeoGeoPocketCore/RACE/libretro-common/include";
				INFOPLIST_KEY_NSHumanReadableCopyright = "";
				INSTALL_PATH = "$(LOCAL_LIBRARY_DIR)/Frameworks";
				IPHONEOS_DEPLOYMENT_TARGET = 17.5;
				LD_RUNPATH_SEARCH_PATHS = (
					"@executable_path/Frameworks",
					"@loader_path/Frameworks",
				);
				"LD_RUNPATH_SEARCH_PATHS[sdk=macosx*]" = (
					"@executable_path/../Frameworks",
					"@loader_path/Frameworks",
				);
				MACOSX_DEPLOYMENT_TARGET = 14.0;
				MARKETING_VERSION = 1.0;
				MODULE_VERIFIER_SUPPORTED_LANGUAGES = "objective-c objective-c++";
				MODULE_VERIFIER_SUPPORTED_LANGUAGE_STANDARDS = "gnu17 gnu++20";
				OTHER_CFLAGS = (
					"-DCZ80",
					"-D__LIBRETRO__",
					"-D_MAX_PATH=2048",
				);
				PRODUCT_BUNDLE_IDENTIFIER = com.davideandreoli.ArcadiaNeoGeoPocketCore;
				PRODUCT_NAME = "$(TARGET_NAME:c99extidentifier)";
				SDKROOT = auto;
				SKIP_INSTALL = YES;
				SUPPORTED_PLATFORMS = "iphoneos iphonesimulator macosx";
				SWIFT_EMIT_LOC_STRINGS = YES;
				SWIFT_INSTALL_OBJC_HEADER = NO;
				SWIFT_OPTIMIZATION_LEVEL = "-Onone";
				SWIFT_VERSION = 5.0;
				TARGETED_DEVICE_FAMILY = "1,2";
			};
			name = Debug;
		};
		951097A62C5400F200F01C88 /* Release */ = {
			isa = XCBuildConfiguration;
			buildSettings = {
				ALLOW_TARGET_PLATFORM_SPECIALIZATION = YES;
				BUILD_LIBRARY_FOR_DISTRIBUTION = YES;
				CLANG_CXX_LANGUAGE_STANDARD = "gnu++0x";
				CLANG_ENABLE_MODULES = YES;
				CODE_SIGN_STYLE = Automatic;
				CURRENT_PROJECT_VERSION = 1;
				DEFINES_MODULE = YES;
				DEVELOPMENT_TEAM = 32DR4Q2NF7;
				DYLIB_COMPATIBILITY_VERSION = 1;
				DYLIB_CURRENT_VERSION = 1;
				DYLIB_INSTALL_NAME_BASE = "@rpath";
				ENABLE_MODULE_VERIFIER = YES;
				GCC_C_LANGUAGE_STANDARD = gnu11;
				GENERATE_INFOPLIST_FILE = YES;
				HEADER_SEARCH_PATHS = "${PROJECT_DIR}/ArcadiaNeoGeoPocketCore/RACE/libretro-common/include";
				INFOPLIST_KEY_NSHumanReadableCopyright = "";
				INSTALL_PATH = "$(LOCAL_LIBRARY_DIR)/Frameworks";
				IPHONEOS_DEPLOYMENT_TARGET = 17.5;
				LD_RUNPATH_SEARCH_PATHS = (
					"@executable_path/Frameworks",
					"@loader_path/Frameworks",
				);
				"LD_RUNPATH_SEARCH_PATHS[sdk=macosx*]" = (
					"@executable_path/../Frameworks",
					"@loader_path/Frameworks",
				);
				MACOSX_DEPLOYMENT_TARGET = 14.0;
				MARKETING_VERSION = 1.0;
				MODULE_VERIFIER_SUPPORTED_LANGUAGES = "objective-c objective-c++";
				MODULE_VERIFIER_SUPPORTED_LANGUAGE_STANDARDS = "gnu17 gnu++20";
				OTHER_CFLAGS = (
					"-DCZ80",
					"-D__LIBRETRO__",
					"-D_MAX_PATH=2048",
				);
				PRODUCT_BUNDLE_IDENTIFIER = com.davideandreoli.ArcadiaNeoGeoPocketCore;
				PRODUCT_NAME = "$(TARGET_NAME:c99extidentifier)";
				SDKROOT = auto;
				SKIP_INSTALL = YES;
				SUPPORTED_PLATFORMS = "iphoneos iphonesimulator macosx";
				SWIFT_EMIT_LOC_STRINGS = YES;
				SWIFT_INSTALL_OBJC_HEADER = NO;
				SWIFT_VERSION = 5.0;
				TARGETED_DEVICE_FAMILY = "1,2";
			};
			name = Release;
		};
		951097A82C5400F200F01C88 /* Debug */ = {
			isa = XCBuildConfiguration;
			buildSettings = {
				ALLOW_TARGET_PLATFORM_SPECIALIZATION = YES;
				ALWAYS_EMBED_SWIFT_STANDARD_LIBRARIES = YES;
				CODE_SIGN_STYLE = Automatic;
				CURRENT_PROJECT_VERSION = 1;
				DEVELOPMENT_TEAM = 32DR4Q2NF7;
				GENERATE_INFOPLIST_FILE = YES;
				IPHONEOS_DEPLOYMENT_TARGET = 17.5;
				MACOSX_DEPLOYMENT_TARGET = 14.0;
				MARKETING_VERSION = 1.0;
				PRODUCT_BUNDLE_IDENTIFIER = com.davideandreoli.ArcadiaNeoGeoPocketCoreTests;
				PRODUCT_NAME = "$(TARGET_NAME)";
				SDKROOT = auto;
				SUPPORTED_PLATFORMS = "iphoneos iphonesimulator macosx";
				SWIFT_EMIT_LOC_STRINGS = NO;
				SWIFT_VERSION = 5.0;
				TARGETED_DEVICE_FAMILY = "1,2";
			};
			name = Debug;
		};
		951097A92C5400F200F01C88 /* Release */ = {
			isa = XCBuildConfiguration;
			buildSettings = {
				ALLOW_TARGET_PLATFORM_SPECIALIZATION = YES;
				ALWAYS_EMBED_SWIFT_STANDARD_LIBRARIES = YES;
				CODE_SIGN_STYLE = Automatic;
				CURRENT_PROJECT_VERSION = 1;
				DEVELOPMENT_TEAM = 32DR4Q2NF7;
				GENERATE_INFOPLIST_FILE = YES;
				IPHONEOS_DEPLOYMENT_TARGET = 17.5;
				MACOSX_DEPLOYMENT_TARGET = 14.0;
				MARKETING_VERSION = 1.0;
				PRODUCT_BUNDLE_IDENTIFIER = com.davideandreoli.ArcadiaNeoGeoPocketCoreTests;
				PRODUCT_NAME = "$(TARGET_NAME)";
				SDKROOT = auto;
				SUPPORTED_PLATFORMS = "iphoneos iphonesimulator macosx";
				SWIFT_EMIT_LOC_STRINGS = NO;
				SWIFT_VERSION = 5.0;
				TARGETED_DEVICE_FAMILY = "1,2";
			};
			name = Release;
		};
/* End XCBuildConfiguration section */

/* Begin XCConfigurationList section */
		9510978A2C5400F100F01C88 /* Build configuration list for PBXProject "ArcadiaNeoGeoPocketCore" */ = {
			isa = XCConfigurationList;
			buildConfigurations = (
				951097A22C5400F200F01C88 /* Debug */,
				951097A32C5400F200F01C88 /* Release */,
			);
			defaultConfigurationIsVisible = 0;
			defaultConfigurationName = Release;
		};
		951097A42C5400F200F01C88 /* Build configuration list for PBXNativeTarget "ArcadiaNeoGeoPocketCore" */ = {
			isa = XCConfigurationList;
			buildConfigurations = (
				951097A52C5400F200F01C88 /* Debug */,
				951097A62C5400F200F01C88 /* Release */,
			);
			defaultConfigurationIsVisible = 0;
			defaultConfigurationName = Release;
		};
		951097A72C5400F200F01C88 /* Build configuration list for PBXNativeTarget "ArcadiaNeoGeoPocketCoreTests" */ = {
			isa = XCConfigurationList;
			buildConfigurations = (
				951097A82C5400F200F01C88 /* Debug */,
				951097A92C5400F200F01C88 /* Release */,
			);
			defaultConfigurationIsVisible = 0;
			defaultConfigurationName = Release;
		};
/* End XCConfigurationList section */
	};
	rootObject = 951097872C5400F100F01C88 /* Project object */;
}
